
Microsoft Visual Studio Solution File, Format Version 12.00
# Visual Studio Version 17
VisualStudioVersion = 17.2.32616.157
MinimumVisualStudioVersion = 10.0.40219.1
Project("{FAE04EC0-301F-11D3-BF4B-00C04F79EFBC}") = "BoardRoomSystem", "BoardRoomSystem\BoardRoomSystem.csproj", "{92662DF4-B270-4968-B72A-FB69CD967CFC}"
EndProject
Global
	GlobalSection(SolutionConfigurationPlatforms) = preSolution
		Debug|Any CPU = Debug|Any CPU
		Release|Any CPU = Release|Any CPU
	EndGlobalSection
	GlobalSection(ProjectConfigurationPlatforms) = postSolution
		{92662DF4-B270-4968-B72A-FB69CD967CFC}.Debug|Any CPU.ActiveCfg = Debug|Any CPU
		{92662DF4-B270-4968-B72A-FB69CD967CFC}.Debug|Any CPU.Build.0 = Debug|Any CPU
		{92662DF4-B270-4968-B72A-FB69CD967CFC}.Release|Any CPU.ActiveCfg = Release|Any CPU
		{92662DF4-B270-4968-B72A-FB69CD967CFC}.Release|Any CPU.Build.0 = Release|Any CPU
	EndGlobalSection
	GlobalSection(SolutionProperties) = preSolution
		HideSolutionNode = FALSE
	EndGlobalSection
	GlobalSection(ExtensibilityGlobals) = postSolution
		SolutionGuid = {893206D5-89CB-4610-8F72-029AA35DBF03}
	EndGlobalSection
EndGlobal
